
Microsoft Visual Studio Solution File, Format Version 12.00
# Visual Studio Version 17
VisualStudioVersion = 17.2.32616.157
MinimumVisualStudioVersion = 10.0.40219.1
Project("{FAE04EC0-301F-11D3-BF4B-00C04F79EFBC}") = "UsersAPIService", "UsersAPIService\UsersAPIService.csproj", "{D06367F2-0A03-40C1-8F9E-47C57128CB48}"
EndProject
Global
	GlobalSection(SolutionConfigurationPlatforms) = preSolution
		Debug|Any CPU = Debug|Any CPU
		Release|Any CPU = Release|Any CPU
	EndGlobalSection
	GlobalSection(ProjectConfigurationPlatforms) = postSolution
		{D06367F2-0A03-40C1-8F9E-47C57128CB48}.Debug|Any CPU.ActiveCfg = Debug|Any CPU
		{D06367F2-0A03-40C1-8F9E-47C57128CB48}.Debug|Any CPU.Build.0 = Debug|Any CPU
		{D06367F2-0A03-40C1-8F9E-47C57128CB48}.Release|Any CPU.ActiveCfg = Release|Any CPU
		{D06367F2-0A03-40C1-8F9E-47C57128CB48}.Release|Any CPU.Build.0 = Release|Any CPU
	EndGlobalSection
	GlobalSection(SolutionProperties) = preSolution
		HideSolutionNode = FALSE
	EndGlobalSection
	GlobalSection(ExtensibilityGlobals) = postSolution
		SolutionGuid = {B18DA769-BC16-4722-B2AB-1058D39C4DBD}
	EndGlobalSection
EndGlobal
